
Microsoft Visual Studio Solution File, Format Version 12.00
# Visual Studio 15
VisualStudioVersion = 15.0.28010.2026
MinimumVisualStudioVersion = 10.0.40219.1
Project("{FAE04EC0-301F-11D3-BF4B-00C04F79EFBC}") = "SimpleWordCounter", "SimpleWordCounter\SimpleWordCounter.csproj", "{3753DF82-C478-4E3C-904C-BE5EDF80D308}"
EndProject
Project("{FAE04EC0-301F-11D3-BF4B-00C04F79EFBC}") = "Utilities", "Utilities\Utilities.csproj", "{1D6CFEF2-1EEB-4AC1-893C-E3678FCE90EE}"
EndProject
Project("{FAE04EC0-301F-11D3-BF4B-00C04F79EFBC}") = "FileParser", "FileParser\FileParser.csproj", "{3625A804-A01D-4827-810F-BB37BD1A5E0A}"
EndProject
Global
	GlobalSection(SolutionConfigurationPlatforms) = preSolution
		Debug|Any CPU = Debug|Any CPU
		Release|Any CPU = Release|Any CPU
	EndGlobalSection
	GlobalSection(ProjectConfigurationPlatforms) = postSolution
		{3753DF82-C478-4E3C-904C-BE5EDF80D308}.Debug|Any CPU.ActiveCfg = Debug|Any CPU
		{3753DF82-C478-4E3C-904C-BE5EDF80D308}.Debug|Any CPU.Build.0 = Debug|Any CPU
		{3753DF82-C478-4E3C-904C-BE5EDF80D308}.Release|Any CPU.ActiveCfg = Release|Any CPU
		{3753DF82-C478-4E3C-904C-BE5EDF80D308}.Release|Any CPU.Build.0 = Release|Any CPU
		{1D6CFEF2-1EEB-4AC1-893C-E3678FCE90EE}.Debug|Any CPU.ActiveCfg = Debug|Any CPU
		{1D6CFEF2-1EEB-4AC1-893C-E3678FCE90EE}.Debug|Any CPU.Build.0 = Debug|Any CPU
		{1D6CFEF2-1EEB-4AC1-893C-E3678FCE90EE}.Release|Any CPU.ActiveCfg = Release|Any CPU
		{1D6CFEF2-1EEB-4AC1-893C-E3678FCE90EE}.Release|Any CPU.Build.0 = Release|Any CPU
		{3625A804-A01D-4827-810F-BB37BD1A5E0A}.Debug|Any CPU.ActiveCfg = Debug|Any CPU
		{3625A804-A01D-4827-810F-BB37BD1A5E0A}.Debug|Any CPU.Build.0 = Debug|Any CPU
		{3625A804-A01D-4827-810F-BB37BD1A5E0A}.Release|Any CPU.ActiveCfg = Release|Any CPU
		{3625A804-A01D-4827-810F-BB37BD1A5E0A}.Release|Any CPU.Build.0 = Release|Any CPU
	EndGlobalSection
	GlobalSection(SolutionProperties) = preSolution
		HideSolutionNode = FALSE
	EndGlobalSection
	GlobalSection(ExtensibilityGlobals) = postSolution
		SolutionGuid = {75DCC40B-028E-4375-BB17-376A0B45F32F}
	EndGlobalSection
EndGlobal
